# Run ./gradlew --write-locks to regenerate this file
ch.qos.logback:logback-classic:1.2.10 (5 constraints: fa4fb165)
ch.qos.logback:logback-core:1.2.10 (5 constraints: b646514d)
com.fasterxml:classmate:1.5.1 (1 constraints: 9a122a13)
com.fasterxml.jackson:jackson-bom:2.13.1 (15 constraints: c72e5f9c)
com.fasterxml.jackson.core:jackson-annotations:2.13.1 (12 constraints: ead47f2c)
com.fasterxml.jackson.core:jackson-core:2.13.1 (17 constraints: 684bd363)
com.fasterxml.jackson.core:jackson-databind:2.13.1 (25 constraints: e0d8df57)
com.fasterxml.jackson.datatype:jackson-datatype-jdk8:2.13.1 (8 constraints: 4c8ad0ca)
com.fasterxml.jackson.datatype:jackson-datatype-jsr310:2.13.1 (3 constraints: 82401333)
com.fasterxml.jackson.module:jackson-module-jaxb-annotations:2.13.1 (2 constraints: a32404e0)
com.fasterxml.jackson.module:jackson-module-parameter-names:2.13.1 (2 constraints: 05248381)
com.fern.fern:nursery-model:0.0.71 (1 constraints: 960fc186)
com.fern.fern:nursery-server-jersey:0.0.71 (1 constraints: 3a052c3b)
com.google.code.findbugs:annotations:3.0.1 (5 constraints: 8a45b65d)
com.google.code.findbugs:jsr305:3.0.2 (7 constraints: d56277d0)
com.google.dagger:dagger:2.35.1 (1 constraints: 3d05473b)
com.google.errorprone:error_prone_annotations:2.12.1 (7 constraints: 6f65c11f)
com.google.guava:failureaccess:1.0.1 (5 constraints: 794354c3)
com.google.guava:guava:31.1-jre (7 constraints: e1705040)
com.google.guava:listenablefuture:9999.0-empty-to-avoid-conflict-with-guava (5 constraints: c687db8e)
com.google.j2objc:j2objc-annotations:1.3 (5 constraints: ad41e0ad)
com.mattbertolini:liquibase-slf4j:4.0.0 (1 constraints: 0605ff35)
com.zaxxer:HikariCP-java7:2.4.13 (1 constraints: 3c053e3b)
io.github.fern-api:exception-utils:0.0.82 (2 constraints: ea1bcfb4)
io.github.fern-api:immutables-utils:0.0.82 (3 constraints: ae295b6a)
io.github.fern-api:jackson-utils:0.0.82 (1 constraints: 980fc486)
io.github.fern-api:jersey-utils:0.0.82 (1 constraints: 980fc486)
io.github.openfeign:feign-core:11.8 (8 constraints: 717163c8)
io.github.openfeign:feign-jackson:11.8 (5 constraints: 074811e5)
io.github.openfeign:feign-jaxrs:11.8 (5 constraints: 7d460fd0)
io.github.openfeign:feign-jaxrs2:11.8 (5 constraints: 074811e5)
jakarta.activation:jakarta.activation-api:1.2.2 (2 constraints: ba28fcbd)
jakarta.annotation:jakarta.annotation-api:1.3.5 (12 constraints: 87b9cde4)
jakarta.validation:jakarta.validation-api:2.0.2 (7 constraints: fb7034ea)
jakarta.ws.rs:jakarta.ws.rs-api:2.1.6 (13 constraints: 77e79026)
jakarta.xml.bind:jakarta.xml.bind-api:2.3.3 (1 constraints: 31198ca6)
javax.activation:javax.activation-api:1.2.0 (1 constraints: 450a28bf)
javax.inject:javax.inject:1 (1 constraints: 030aeca1)
javax.ws.rs:javax.ws.rs-api:2.1.1 (5 constraints: 4547cbe7)
javax.xml.bind:jaxb-api:2.3.1 (2 constraints: 6013b35e)
net.jcip:jcip-annotations:1.0 (5 constraints: 3f4707f3)
org.apache.logging.log4j:log4j-api:2.17.1 (1 constraints: 08109eb9)
org.apache.logging.log4j:log4j-to-slf4j:2.17.1 (1 constraints: 801632ff)
org.apache.tomcat.embed:tomcat-embed-core:9.0.56 (2 constraints: 9e2988dd)
org.apache.tomcat.embed:tomcat-embed-el:9.0.56 (2 constraints: f62d6ad4)
org.apache.tomcat.embed:tomcat-embed-websocket:9.0.56 (1 constraints: 2a161ee7)
org.checkerframework:checker-qual:3.12.0 (6 constraints: 745010e2)
org.glassfish.hk2:class-model:2.6.1 (5 constraints: ce42dcdb)
org.glassfish.hk2:hk2:2.6.1 (5 constraints: 5c4abe04)
org.glassfish.hk2:hk2-api:2.6.1 (7 constraints: 215c4a02)
org.glassfish.hk2:hk2-core:2.6.1 (5 constraints: ce42dcdb)
org.glassfish.hk2:hk2-locator:2.6.1 (8 constraints: 196ba538)
org.glassfish.hk2:hk2-runlevel:2.6.1 (5 constraints: ce42dcdb)
org.glassfish.hk2:hk2-utils:2.6.1 (8 constraints: 1065c83f)
org.glassfish.hk2:osgi-resource-locator:1.0.3 (5 constraints: 5c4a82fb)
org.glassfish.hk2:spring-bridge:2.6.1 (5 constraints: 5c4abe04)
org.glassfish.hk2.external:aopalliance-repackaged:2.6.1 (6 constraints: a250211d)
org.glassfish.hk2.external:jakarta.inject:2.6.1 (13 constraints: 5fcad5d2)
org.glassfish.jersey.containers:jersey-container-servlet:2.35 (1 constraints: cc1524bb)
org.glassfish.jersey.containers:jersey-container-servlet-core:2.35 (7 constraints: 057796c1)
org.glassfish.jersey.core:jersey-client:2.35 (5 constraints: a24934dd)
org.glassfish.jersey.core:jersey-common:2.35 (11 constraints: 2cc5b482)
org.glassfish.jersey.core:jersey-server:2.35 (9 constraints: 6da49d19)
org.glassfish.jersey.ext:jersey-bean-validation:2.35 (1 constraints: cc1524bb)
org.glassfish.jersey.ext:jersey-entity-filtering:2.35 (1 constraints: 92156fbd)
org.glassfish.jersey.ext:jersey-spring5:2.35 (6 constraints: d25daf3a)
org.glassfish.jersey.inject:jersey-hk2:2.35 (5 constraints: 7b49c6dc)
org.glassfish.jersey.media:jersey-media-json-jackson:2.35 (1 constraints: cc1524bb)
org.hibernate.validator:hibernate-validator:6.2.0.Final (2 constraints: c02f49b7)
org.immutables:value:2.8.8 (4 constraints: a6398281)
org.javassist:javassist:3.25.0-GA (6 constraints: d25b0a20)
org.jboss.logging:jboss-logging:3.4.1.Final (1 constraints: b3146189)
org.jdbi:jdbi:2.78 (1 constraints: e5040931)
org.jooq:jooq:3.14.9 (1 constraints: 43054a3b)
org.liquibase:liquibase-core:4.3.5 (1 constraints: 0e050d36)
org.ow2.asm:asm:7.1 (8 constraints: 5e5f38ea)
org.ow2.asm:asm-analysis:7.1 (7 constraints: c856c73f)
org.ow2.asm:asm-commons:7.1 (5 constraints: 4244b0d6)
org.ow2.asm:asm-tree:7.1 (8 constraints: 12614980)
org.ow2.asm:asm-util:7.1 (5 constraints: 4244b0d6)
org.postgresql:postgresql:42.2.20 (1 constraints: 6c05b740)
org.reactivestreams:reactive-streams:1.0.2 (1 constraints: bd068859)
org.slf4j:jul-to-slf4j:1.7.33 (1 constraints: 831635ff)
org.slf4j:slf4j-api:1.7.36 (11 constraints: 24a03148)
org.springframework:spring-aop:5.3.19 (6 constraints: 205d2134)
org.springframework:spring-beans:5.3.19 (8 constraints: f2782aeb)
org.springframework:spring-context:5.3.19 (6 constraints: ad5d5def)
org.springframework:spring-core:5.3.19 (12 constraints: 49bc11d7)
org.springframework:spring-expression:5.3.19 (5 constraints: 154a6fd3)
org.springframework:spring-jcl:5.3.19 (5 constraints: b9486dee)
org.springframework:spring-web:5.3.19 (7 constraints: f3782268)
org.springframework.boot:spring-boot:2.6.3 (2 constraints: ed28116c)
org.springframework.boot:spring-boot-autoconfigure:2.6.3 (1 constraints: 3c131d33)
org.springframework.boot:spring-boot-starter:2.6.3 (2 constraints: b62cef1e)
org.springframework.boot:spring-boot-starter-jersey:2.6.3 (1 constraints: 0d050a36)
org.springframework.boot:spring-boot-starter-json:2.6.3 (1 constraints: fb151ed1)
org.springframework.boot:spring-boot-starter-logging:2.6.3 (1 constraints: 3c131d33)
org.springframework.boot:spring-boot-starter-tomcat:2.6.3 (1 constraints: fb151ed1)
org.springframework.boot:spring-boot-starter-validation:2.6.3 (1 constraints: fb151ed1)
org.yaml:snakeyaml:1.29 (3 constraints: 5e2f8a70)

[Test dependencies]
com.fasterxml.jackson.dataformat:jackson-dataformat-cbor:2.13.1 (2 constraints: 342bfc86)
com.fasterxml.jackson.dataformat:jackson-dataformat-smile:2.13.1 (2 constraints: 342bfc86)
com.fasterxml.jackson.dataformat:jackson-dataformat-yaml:2.13.1 (2 constraints: a8249edf)
com.fasterxml.jackson.datatype:jackson-datatype-guava:2.13.1 (6 constraints: 6965d1c6)
com.fasterxml.jackson.datatype:jackson-datatype-joda:2.13.1 (2 constraints: 342bfc86)
com.fasterxml.jackson.module:jackson-module-afterburner:2.13.1 (2 constraints: 342bfc86)
com.github.zafarkhaja:java-semver:0.9.0 (1 constraints: c315c0d2)
com.h2database:h2:1.4.200 (1 constraints: 6905a040)
com.palantir.conjure.java:conjure-lib:5.67.0 (1 constraints: 661bc860)
com.palantir.conjure.java.api:errors:2.19.0 (1 constraints: 2410a5a9)
com.palantir.conjure.java.runtime:conjure-java-jackson-serialization:6.16.0 (1 constraints: f715cbe8)
com.palantir.docker.compose:docker-compose-junit-jupiter:1.7.0 (1 constraints: 0a050536)
com.palantir.docker.compose:docker-compose-rule-core:1.7.0 (1 constraints: 8e178d38)
com.palantir.docker.compose:docker-compose-rule-events-api-objects:1.7.0 (1 constraints: c215bfd2)
com.palantir.ri:resource-identifier:1.3.0 (1 constraints: ec0f6e99)
com.palantir.safe-logging:preconditions:1.16.0 (4 constraints: 644ae273)
com.palantir.safe-logging:safe-logging:1.16.0 (2 constraints: f920db6c)
com.palantir.tokens:auth-tokens:3.9.0 (1 constraints: f40f8a99)
commons-io:commons-io:2.6 (1 constraints: 64156da7)
joda-time:joda-time:2.10.8 (2 constraints: 222ca439)
net.bytebuddy:byte-buddy:1.11.3 (1 constraints: 400b38de)
net.bytebuddy:byte-buddy-agent:1.11.3 (1 constraints: 400b38de)
one.util:streamex:0.7.2 (1 constraints: c315bcd2)
org.apache.commons:commons-lang3:3.12.0 (5 constraints: 9b4f1840)
org.apiguardian:apiguardian-api:1.1.0 (5 constraints: 0654a8a8)
org.assertj:assertj-core:3.19.0 (1 constraints: 3f05503b)
org.awaitility:awaitility:4.0.2 (1 constraints: c015bbd2)
org.hamcrest:hamcrest:2.1 (2 constraints: cd209021)
org.junit:junit-bom:5.7.2 (6 constraints: 4c6225fc)
org.junit.jupiter:junit-jupiter:5.7.2 (2 constraints: 200ee058)
org.junit.jupiter:junit-jupiter-api:5.7.2 (7 constraints: e9630258)
org.junit.jupiter:junit-jupiter-engine:5.7.2 (2 constraints: 1f17a43c)
org.junit.jupiter:junit-jupiter-params:5.7.2 (3 constraints: 2a1cb2c9)
org.junit.platform:junit-platform-commons:1.7.2 (3 constraints: eb29562b)
org.junit.platform:junit-platform-engine:1.7.2 (2 constraints: ba19a8f3)
org.mockito:mockito-core:3.11.2 (3 constraints: 4020ca44)
org.mockito:mockito-inline:3.11.2 (1 constraints: 39053a3b)
org.mockito:mockito-junit-jupiter:3.11.2 (1 constraints: 39053a3b)
org.objenesis:objenesis:3.2 (1 constraints: b10a13bd)
org.opentest4j:opentest4j:1.2.0 (2 constraints: cd205b49)
